
Microsoft Visual Studio Solution File, Format Version 12.00
# Visual Studio Version 17
VisualStudioVersion = 17.3.32922.545
MinimumVisualStudioVersion = 10.0.40219.1
Project("{9A19103F-16F7-4668-BE54-9A1E7A4F7556}") = "Tea.Core", "Tea.Core\Tea.Core.csproj", "{C5A8DD02-B47B-4347-B0A4-2CD17E7A17F9}"
EndProject
Project("{9A19103F-16F7-4668-BE54-9A1E7A4F7556}") = "Tea.Console", "Tea.Console\Tea.Console.csproj", "{2682FE44-BAC4-4B68-9779-34DB07F2B37D}"
EndProject
Project("{FAE04EC0-301F-11D3-BF4B-00C04F79EFBC}") = "Tea.Tests", "Tea.Tests\Tea.Tests.csproj", "{AAE76D1B-C2F8-48D4-BC0C-1ABE242448F7}"
EndProject
Global
	GlobalSection(SolutionConfigurationPlatforms) = preSolution
		Debug|Any CPU = Debug|Any CPU
		Release|Any CPU = Release|Any CPU
	EndGlobalSection
	GlobalSection(ProjectConfigurationPlatforms) = postSolution
		{C5A8DD02-B47B-4347-B0A4-2CD17E7A17F9}.Debug|Any CPU.ActiveCfg = Debug|Any CPU
		{C5A8DD02-B47B-4347-B0A4-2CD17E7A17F9}.Debug|Any CPU.Build.0 = Debug|Any CPU
		{C5A8DD02-B47B-4347-B0A4-2CD17E7A17F9}.Release|Any CPU.ActiveCfg = Release|Any CPU
		{C5A8DD02-B47B-4347-B0A4-2CD17E7A17F9}.Release|Any CPU.Build.0 = Release|Any CPU
		{2682FE44-BAC4-4B68-9779-34DB07F2B37D}.Debug|Any CPU.ActiveCfg = Debug|Any CPU
		{2682FE44-BAC4-4B68-9779-34DB07F2B37D}.Debug|Any CPU.Build.0 = Debug|Any CPU
		{2682FE44-BAC4-4B68-9779-34DB07F2B37D}.Release|Any CPU.ActiveCfg = Release|Any CPU
		{2682FE44-BAC4-4B68-9779-34DB07F2B37D}.Release|Any CPU.Build.0 = Release|Any CPU
		{AAE76D1B-C2F8-48D4-BC0C-1ABE242448F7}.Debug|Any CPU.ActiveCfg = Debug|Any CPU
		{AAE76D1B-C2F8-48D4-BC0C-1ABE242448F7}.Debug|Any CPU.Build.0 = Debug|Any CPU
		{AAE76D1B-C2F8-48D4-BC0C-1ABE242448F7}.Release|Any CPU.ActiveCfg = Release|Any CPU
		{AAE76D1B-C2F8-48D4-BC0C-1ABE242448F7}.Release|Any CPU.Build.0 = Release|Any CPU
	EndGlobalSection
	GlobalSection(SolutionProperties) = preSolution
		HideSolutionNode = FALSE
	EndGlobalSection
	GlobalSection(ExtensibilityGlobals) = postSolution
		SolutionGuid = {17739754-7AC3-465A-AD18-FE6F9F16AEF1}
	EndGlobalSection
EndGlobal
